# THIS IS AN AUTOGENERATED FILE. DO NOT EDIT THIS FILE DIRECTLY.
# yarn lockfile v1
bluebird:
  version "3.4.6"
  resolved "https://registry.yarnpkg.com/bluebird/-/bluebird-3.4.6.tgz#01da8d821d87813d158967e743d5fe6c62cf8c0f"

graphql:
  version "0.8.2"
  resolved "https://registry.yarnpkg.com/graphql/-/graphql-0.8.2.tgz#eb1bb524b38104bbf2c9157f9abc67db2feba7d2"
  dependencies:
    iterall "1.0.2"

iterall@1.0.2:
  version "1.0.2"
  resolved "https://registry.yarnpkg.com/iterall/-/iterall-1.0.2.tgz#41a2e96ce9eda5e61c767ee5dc312373bb046e91"

lodash:
  version "4.17.2"
  resolved "https://registry.yarnpkg.com/lodash/-/lodash-4.17.2.tgz#34a3055babe04ce42467b607d700072c7ff6bf42"

